
Microsoft Visual Studio Solution File, Format Version 12.00
# Visual Studio Version 16
VisualStudioVersion = 16.0.30907.101
MinimumVisualStudioVersion = 10.0.40219.1
Project("{FAE04EC0-301F-11D3-BF4B-00C04F79EFBC}") = "FFTDemoApp", "FFTDemoApp.csproj", "{9B1B2228-5A36-4AD5-AC25-47203A7959CC}"
EndProject
Global
	GlobalSection(SolutionConfigurationPlatforms) = preSolution
		Debug|Any CPU = Debug|Any CPU
		Release|Any CPU = Release|Any CPU
	EndGlobalSection
	GlobalSection(ProjectConfigurationPlatforms) = postSolution
		{9B1B2228-5A36-4AD5-AC25-47203A7959CC}.Debug|Any CPU.ActiveCfg = Debug|Any CPU
		{9B1B2228-5A36-4AD5-AC25-47203A7959CC}.Debug|Any CPU.Build.0 = Debug|Any CPU
		{9B1B2228-5A36-4AD5-AC25-47203A7959CC}.Release|Any CPU.ActiveCfg = Release|Any CPU
		{9B1B2228-5A36-4AD5-AC25-47203A7959CC}.Release|Any CPU.Build.0 = Release|Any CPU
	EndGlobalSection
	GlobalSection(SolutionProperties) = preSolution
		HideSolutionNode = FALSE
	EndGlobalSection
	GlobalSection(ExtensibilityGlobals) = postSolution
		SolutionGuid = {7A6BB541-C314-445E-AB2D-69CF09031735}
	EndGlobalSection
EndGlobal
